
Microsoft Visual Studio Solution File, Format Version 12.00
# Visual Studio 15
VisualStudioVersion = 15.0.27130.2027
MinimumVisualStudioVersion = 10.0.40219.1
Project("{8BC9CEB8-8B4A-11D0-8D11-00A0C91BC942}") = "UDP Client", "Sockets\Sockets.vcxproj", "{3889F446-584B-4B9C-AE11-F8116B471984}"
EndProject
Project("{8BC9CEB8-8B4A-11D0-8D11-00A0C91BC942}") = "UDP Server", "UDP Server\UDP Server.vcxproj", "{40D0BF66-8F4C-42B8-B042-B458279488AA}"
EndProject
Project("{8BC9CEB8-8B4A-11D0-8D11-00A0C91BC942}") = "TCP Client", "TCP Client\TCP Client.vcxproj", "{BD0D598E-81A4-4F8E-AC9B-A36C86E11A27}"
EndProject
Project("{8BC9CEB8-8B4A-11D0-8D11-00A0C91BC942}") = "TCP Server", "TCP Server\TCP Server.vcxproj", "{765E1A48-D45A-4CB5-964D-FC6D92D3E557}"
EndProject
Global
	GlobalSection(SolutionConfigurationPlatforms) = preSolution
		Debug|x64 = Debug|x64
		Debug|x86 = Debug|x86
		Release|x64 = Release|x64
		Release|x86 = Release|x86
	EndGlobalSection
	GlobalSection(ProjectConfigurationPlatforms) = postSolution
		{3889F446-584B-4B9C-AE11-F8116B471984}.Debug|x64.ActiveCfg = Debug|x64
		{3889F446-584B-4B9C-AE11-F8116B471984}.Debug|x64.Build.0 = Debug|x64
		{3889F446-584B-4B9C-AE11-F8116B471984}.Debug|x86.ActiveCfg = Debug|Win32
		{3889F446-584B-4B9C-AE11-F8116B471984}.Debug|x86.Build.0 = Debug|Win32
		{3889F446-584B-4B9C-AE11-F8116B471984}.Release|x64.ActiveCfg = Release|x64
		{3889F446-584B-4B9C-AE11-F8116B471984}.Release|x64.Build.0 = Release|x64
		{3889F446-584B-4B9C-AE11-F8116B471984}.Release|x86.ActiveCfg = Release|Win32
		{3889F446-584B-4B9C-AE11-F8116B471984}.Release|x86.Build.0 = Release|Win32
		{40D0BF66-8F4C-42B8-B042-B458279488AA}.Debug|x64.ActiveCfg = Debug|x64
		{40D0BF66-8F4C-42B8-B042-B458279488AA}.Debug|x64.Build.0 = Debug|x64
		{40D0BF66-8F4C-42B8-B042-B458279488AA}.Debug|x86.ActiveCfg = Debug|Win32
		{40D0BF66-8F4C-42B8-B042-B458279488AA}.Debug|x86.Build.0 = Debug|Win32
		{40D0BF66-8F4C-42B8-B042-B458279488AA}.Release|x64.ActiveCfg = Release|x64
		{40D0BF66-8F4C-42B8-B042-B458279488AA}.Release|x64.Build.0 = Release|x64
		{40D0BF66-8F4C-42B8-B042-B458279488AA}.Release|x86.ActiveCfg = Release|Win32
		{40D0BF66-8F4C-42B8-B042-B458279488AA}.Release|x86.Build.0 = Release|Win32
		{BD0D598E-81A4-4F8E-AC9B-A36C86E11A27}.Debug|x64.ActiveCfg = Debug|x64
		{BD0D598E-81A4-4F8E-AC9B-A36C86E11A27}.Debug|x64.Build.0 = Debug|x64
		{BD0D598E-81A4-4F8E-AC9B-A36C86E11A27}.Debug|x86.ActiveCfg = Debug|Win32
		{BD0D598E-81A4-4F8E-AC9B-A36C86E11A27}.Debug|x86.Build.0 = Debug|Win32
		{BD0D598E-81A4-4F8E-AC9B-A36C86E11A27}.Release|x64.ActiveCfg = Release|x64
		{BD0D598E-81A4-4F8E-AC9B-A36C86E11A27}.Release|x64.Build.0 = Release|x64
		{BD0D598E-81A4-4F8E-AC9B-A36C86E11A27}.Release|x86.ActiveCfg = Release|Win32
		{BD0D598E-81A4-4F8E-AC9B-A36C86E11A27}.Release|x86.Build.0 = Release|Win32
		{765E1A48-D45A-4CB5-964D-FC6D92D3E557}.Debug|x64.ActiveCfg = Debug|x64
		{765E1A48-D45A-4CB5-964D-FC6D92D3E557}.Debug|x64.Build.0 = Debug|x64
		{765E1A48-D45A-4CB5-964D-FC6D92D3E557}.Debug|x86.ActiveCfg = Debug|Win32
		{765E1A48-D45A-4CB5-964D-FC6D92D3E557}.Debug|x86.Build.0 = Debug|Win32
		{765E1A48-D45A-4CB5-964D-FC6D92D3E557}.Release|x64.ActiveCfg = Release|x64
		{765E1A48-D45A-4CB5-964D-FC6D92D3E557}.Release|x64.Build.0 = Release|x64
		{765E1A48-D45A-4CB5-964D-FC6D92D3E557}.Release|x86.ActiveCfg = Release|Win32
		{765E1A48-D45A-4CB5-964D-FC6D92D3E557}.Release|x86.Build.0 = Release|Win32
	EndGlobalSection
	GlobalSection(SolutionProperties) = preSolution
		HideSolutionNode = FALSE
	EndGlobalSection
	GlobalSection(ExtensibilityGlobals) = postSolution
		SolutionGuid = {BC0C82D9-FBD8-43AE-A8FA-5A0F84E13F47}
	EndGlobalSection
EndGlobal
